// !$*UTF8*$!
{
	archiveVersion = 1;
	classes = {
	};
	objectVersion = 46;
	objects = {

/* Begin PBXBuildFile section */
		691FE9F01ABA2F1700120DEA /* main.m in Sources */ = {isa = PBXBuildFile; fileRef = 691FE9EF1ABA2F1700120DEA /* main.m */; };
		691FE9F31ABA2F1700120DEA /* AppDelegate.m in Sources */ = {isa = PBXBuildFile; fileRef = 691FE9F21ABA2F1700120DEA /* AppDelegate.m */; };
		691FE9F61ABA2F1700120DEA /* ViewController.m in Sources */ = {isa = PBXBuildFile; fileRef = 691FE9F51ABA2F1700120DEA /* ViewController.m */; };
		691FE9F91ABA2F1700120DEA /* Main.storyboard in Resources */ = {isa = PBXBuildFile; fileRef = 691FE9F71ABA2F1700120DEA /* Main.storyboard */; };
		691FE9FB1ABA2F1700120DEA /* Images.xcassets in Resources */ = {isa = PBXBuildFile; fileRef = 691FE9FA1ABA2F1700120DEA /* Images.xcassets */; };
		691FE9FE1ABA2F1700120DEA /* LaunchScreen.xib in Resources */ = {isa = PBXBuildFile; fileRef = 691FE9FC1ABA2F1700120DEA /* LaunchScreen.xib */; };
		691FEA0A1ABA2F1800120DEA /* MutableTests.m in Sources */ = {isa = PBXBuildFile; fileRef = 691FEA091ABA2F1800120DEA /* MutableTests.m */; };
/* End PBXBuildFile section */

/* Begin PBXContainerItemProxy section */
		691FEA041ABA2F1800120DEA /* PBXContainerItemProxy */ = {
			isa = PBXContainerItemProxy;
			containerPortal = 691FE9E21ABA2F1700120DEA /* Project object */;
			proxyType = 1;
			remoteGlobalIDString = 691FE9E91ABA2F1700120DEA;
			remoteInfo = Mutable;
		};
/* End PBXContainerItemProxy section */

/* Begin PBXFileReference section */
		691FE9EA1ABA2F1700120DEA /* Mutable.app */ = {isa = PBXFileReference; explicitFileType = wrapper.application; includeInIndex = 0; path = Mutable.app; sourceTree = BUILT_PRODUCTS_DIR; };
		691FE9EE1ABA2F1700120DEA /* Info.plist */ = {isa = PBXFileReference; lastKnownFileType = text.plist.xml; path = Info.plist; sourceTree = "<group>"; };
		691FE9EF1ABA2F1700120DEA /* main.m */ = {isa = PBXFileReference; lastKnownFileType = sourcecode.c.objc; path = main.m; sourceTree = "<group>"; };
		691FE9F11ABA2F1700120DEA /* AppDelegate.h */ = {isa = PBXFileReference; lastKnownFileType = sourcecode.c.h; path = AppDelegate.h; sourceTree = "<group>"; };
		691FE9F21ABA2F1700120DEA /* AppDelegate.m */ = {isa = PBXFileReference; lastKnownFileType = sourcecode.c.objc; path = AppDelegate.m; sourceTree = "<group>"; };
		691FE9F41ABA2F1700120DEA /* ViewController.h */ = {isa = PBXFileReference; lastKnownFileType = sourcecode.c.h; path = ViewController.h; sourceTree = "<group>"; };
		691FE9F51ABA2F1700120DEA /* ViewController.m */ = {isa = PBXFileReference; lastKnownFileType = sourcecode.c.objc; path = ViewController.m; sourceTree = "<group>"; };
		691FE9F81ABA2F1700120DEA /* Base */ = {isa = PBXFileReference; lastKnownFileType = file.storyboard; name = Base; path = Base.lproj/Main.storyboard; sourceTree = "<group>"; };
		691FE9FA1ABA2F1700120DEA /* Images.xcassets */ = {isa = PBXFileReference; lastKnownFileType = folder.assetcatalog; path = Images.xcassets; sourceTree = "<group>"; };
		691FE9FD1ABA2F1700120DEA /* Base */ = {isa = PBXFileReference; lastKnownFileType = file.xib; name = Base; path = Base.lproj/LaunchScreen.xib; sourceTree = "<group>"; };
		691FEA031ABA2F1800120DEA /* MutableTests.xctest */ = {isa = PBXFileReference; explicitFileType = wrapper.cfbundle; includeInIndex = 0; path = MutableTests.xctest; sourceTree = BUILT_PRODUCTS_DIR; };
		691FEA081ABA2F1800120DEA /* Info.plist */ = {isa = PBXFileReference; lastKnownFileType = text.plist.xml; path = Info.plist; sourceTree = "<group>"; };
		691FEA091ABA2F1800120DEA /* MutableTests.m */ = {isa = PBXFileReference; lastKnownFileType = sourcecode.c.objc; path = MutableTests.m; sourceTree = "<group>"; };
/* End PBXFileReference section */

/* Begin PBXFrameworksBuildPhase section */
		691FE9E71ABA2F1700120DEA /* Frameworks */ = {
			isa = PBXFrameworksBuildPhase;
			buildActionMask = 2147483647;
			files = (
			);
			runOnlyForDeploymentPostprocessing = 0;
		};
		691FEA001ABA2F1800120DEA /* Frameworks */ = {
			isa = PBXFrameworksBuildPhase;
			buildActionMask = 2147483647;
			files = (
			);
			runOnlyForDeploymentPostprocessing = 0;
		};
/* End PBXFrameworksBuildPhase section */

/* Begin PBXGroup section */
		691FE9E11ABA2F1700120DEA = {
			isa = PBXGroup;
			children = (
				691FE9EC1ABA2F1700120DEA /* Mutable */,
				691FEA061ABA2F1800120DEA /* MutableTests */,
				691FE9EB1ABA2F1700120DEA /* Products */,
			);
			sourceTree = "<group>";
		};
		691FE9EB1ABA2F1700120DEA /* Products */ = {
			isa = PBXGroup;
			children = (
				691FE9EA1ABA2F1700120DEA /* Mutable.app */,
				691FEA031ABA2F1800120DEA /* MutableTests.xctest */,
			);
			name = Products;
			sourceTree = "<group>";
		};
		691FE9EC1ABA2F1700120DEA /* Mutable */ = {
			isa = PBXGroup;
			children = (
				691FE9F11ABA2F1700120DEA /* AppDelegate.h */,
				691FE9F21ABA2F1700120DEA /* AppDelegate.m */,
				691FE9F41ABA2F1700120DEA /* ViewController.h */,
				691FE9F51ABA2F1700120DEA /* ViewController.m */,
				691FE9F71ABA2F1700120DEA /* Main.storyboard */,
				691FE9FA1ABA2F1700120DEA /* Images.xcassets */,
				691FE9FC1ABA2F1700120DEA /* LaunchScreen.xib */,
				691FE9ED1ABA2F1700120DEA /* Supporting Files */,
			);
			path = Mutable;
			sourceTree = "<group>";
		};
		691FE9ED1ABA2F1700120DEA /* Supporting Files */ = {
			isa = PBXGroup;
			children = (
				691FE9EE1ABA2F1700120DEA /* Info.plist */,
				691FE9EF1ABA2F1700120DEA /* main.m */,
			);
			name = "Supporting Files";
			sourceTree = "<group>";
		};
		691FEA061ABA2F1800120DEA /* MutableTests */ = {
			isa = PBXGroup;
			children = (
				691FEA091ABA2F1800120DEA /* MutableTests.m */,
				691FEA071ABA2F1800120DEA /* Supporting Files */,
			);
			path = MutableTests;
			sourceTree = "<group>";
		};
		691FEA071ABA2F1800120DEA /* Supporting Files */ = {
			isa = PBXGroup;
			children = (
				691FEA081ABA2F1800120DEA /* Info.plist */,
			);
			name = "Supporting Files";
			sourceTree = "<group>";
		};
/* End PBXGroup section */

/* Begin PBXNativeTarget section */
		691FE9E91ABA2F1700120DEA /* Mutable */ = {
			isa = PBXNativeTarget;
			buildConfigurationList = 691FEA0D1ABA2F1800120DEA /* Build configuration list for PBXNativeTarget "Mutable" */;
			buildPhases = (
				691FE9E61ABA2F1700120DEA /* Sources */,
				691FE9E71ABA2F1700120DEA /* Frameworks */,
				691FE9E81ABA2F1700120DEA /* Resources */,
			);
			buildRules = (
			);
			dependencies = (
			);
			name = Mutable;
			productName = Mutable;
			productReference = 691FE9EA1ABA2F1700120DEA /* Mutable.app */;
			productType = "com.apple.product-type.application";
		};
		691FEA021ABA2F1800120DEA /* MutableTests */ = {
			isa = PBXNativeTarget;
			buildConfigurationList = 691FEA101ABA2F1800120DEA /* Build configuration list for PBXNativeTarget "MutableTests" */;
			buildPhases = (
				691FE9FF1ABA2F1800120DEA /* Sources */,
				691FEA001ABA2F1800120DEA /* Frameworks */,
				691FEA011ABA2F1800120DEA /* Resources */,
			);
			buildRules = (
			);
			dependencies = (
				691FEA051ABA2F1800120DEA /* PBXTargetDependency */,
			);
			name = MutableTests;
			productName = MutableTests;
			productReference = 691FEA031ABA2F1800120DEA /* MutableTests.xctest */;
			productType = "com.apple.product-type.bundle.unit-test";
		};
/* End PBXNativeTarget section */

/* Begin PBXProject section */
		691FE9E21ABA2F1700120DEA /* Project object */ = {
			isa = PBXProject;
			attributes = {
				LastUpgradeCheck = 0620;
				ORGANIZATIONNAME = "Dylan Shackelford";
				TargetAttributes = {
					691FE9E91ABA2F1700120DEA = {
						CreatedOnToolsVersion = 6.2;
					};
					691FEA021ABA2F1800120DEA = {
						CreatedOnToolsVersion = 6.2;
						TestTargetID = 691FE9E91ABA2F1700120DEA;
					};
				};
			};
			buildConfigurationList = 691FE9E51ABA2F1700120DEA /* Build configuration list for PBXProject "Mutable" */;
			compatibilityVersion = "Xcode 3.2";
			developmentRegion = English;
			hasScannedForEncodings = 0;
			knownRegions = (
				en,
				Base,
			);
			mainGroup = 691FE9E11ABA2F1700120DEA;
			productRefGroup = 691FE9EB1ABA2F1700120DEA /* Products */;
			projectDirPath = "";
			projectRoot = "";
			targets = (
				691FE9E91ABA2F1700120DEA /* Mutable */,
				691FEA021ABA2F1800120DEA /* MutableTests */,
			);
		};
/* End PBXProject section */

/* Begin PBXResourcesBuildPhase section */
		691FE9E81ABA2F1700120DEA /* Resources */ = {
			isa = PBXResourcesBuildPhase;
			buildActionMask = 2147483647;
			files = (
				691FE9F91ABA2F1700120DEA /* Main.storyboard in Resources */,
				691FE9FE1ABA2F1700120DEA /* LaunchScreen.xib in Resources */,
				691FE9FB1ABA2F1700120DEA /* Images.xcassets in Resources */,
			);
			runOnlyForDeploymentPostprocessing = 0;
		};
		691FEA011ABA2F1800120DEA /* Resources */ = {
			isa = PBXResourcesBuildPhase;
			buildActionMask = 2147483647;
			files = (
			);
			runOnlyForDeploymentPostprocessing = 0;
		};
/* End PBXResourcesBuildPhase section */

/* Begin PBXSourcesBuildPhase section */
		691FE9E61ABA2F1700120DEA /* Sources */ = {
			isa = PBXSourcesBuildPhase;
			buildActionMask = 2147483647;
			files = (
				691FE9F61ABA2F1700120DEA /* ViewController.m in Sources */,
				691FE9F31ABA2F1700120DEA /* AppDelegate.m in Sources */,
				691FE9F01ABA2F1700120DEA /* main.m in Sources */,
			);
			runOnlyForDeploymentPostprocessing = 0;
		};
		691FE9FF1ABA2F1800120DEA /* Sources */ = {
			isa = PBXSourcesBuildPhase;
			buildActionMask = 2147483647;
			files = (
				691FEA0A1ABA2F1800120DEA /* MutableTests.m in Sources */,
			);
			runOnlyForDeploymentPostprocessing = 0;
		};
/* End PBXSourcesBuildPhase section */

/* Begin PBXTargetDependency section */
		691FEA051ABA2F1800120DEA /* PBXTargetDependency */ = {
			isa = PBXTargetDependency;
			target = 691FE9E91ABA2F1700120DEA /* Mutable */;
			targetProxy = 691FEA041ABA2F1800120DEA /* PBXContainerItemProxy */;
		};
/* End PBXTargetDependency section */

/* Begin PBXVariantGroup section */
		691FE9F71ABA2F1700120DEA /* Main.storyboard */ = {
			isa = PBXVariantGroup;
			children = (
				691FE9F81ABA2F1700120DEA /* Base */,
			);
			name = Main.storyboard;
			sourceTree = "<group>";
		};
		691FE9FC1ABA2F1700120DEA /* LaunchScreen.xib */ = {
			isa = PBXVariantGroup;
			children = (
				691FE9FD1ABA2F1700120DEA /* Base */,
			);
			name = LaunchScreen.xib;
			sourceTree = "<group>";
		};
/* End PBXVariantGroup section */

/* Begin XCBuildConfiguration section */
		691FEA0B1ABA2F1800120DEA /* Debug */ = {
			isa = XCBuildConfiguration;
			buildSettings = {
				ALWAYS_SEARCH_USER_PATHS = NO;
				CLANG_CXX_LANGUAGE_STANDARD = "gnu++0x";
				CLANG_CXX_LIBRARY = "libc++";
				CLANG_ENABLE_MODULES = YES;
				CLANG_ENABLE_OBJC_ARC = YES;
				CLANG_WARN_BOOL_CONVERSION = YES;
				CLANG_WARN_CONSTANT_CONVERSION = YES;
				CLANG_WARN_DIRECT_OBJC_ISA_USAGE = YES_ERROR;
				CLANG_WARN_EMPTY_BODY = YES;
				CLANG_WARN_ENUM_CONVERSION = YES;
				CLANG_WARN_INT_CONVERSION = YES;
				CLANG_WARN_OBJC_ROOT_CLASS = YES_ERROR;
				CLANG_WARN_UNREACHABLE_CODE = YES;
				CLANG_WARN__DUPLICATE_METHOD_MATCH = YES;
				"CODE_SIGN_IDENTITY[sdk=iphoneos*]" = "iPhone Developer";
				COPY_PHASE_STRIP = NO;
				ENABLE_STRICT_OBJC_MSGSEND = YES;
				GCC_C_LANGUAGE_STANDARD = gnu99;
				GCC_DYNAMIC_NO_PIC = NO;
				GCC_OPTIMIZATION_LEVEL = 0;
				GCC_PREPROCESSOR_DEFINITIONS = (
					"DEBUG=1",
					"$(inherited)",
				);
				GCC_SYMBOLS_PRIVATE_EXTERN = NO;
				GCC_WARN_64_TO_32_BIT_CONVERSION = YES;
				GCC_WARN_ABOUT_RETURN_TYPE = YES_ERROR;
				GCC_WARN_UNDECLARED_SELECTOR = YES;
				GCC_WARN_UNINITIALIZED_AUTOS = YES_AGGRESSIVE;
				GCC_WARN_UNUSED_FUNCTION = YES;
				GCC_WARN_UNUSED_VARIABLE = YES;
				IPHONEOS_DEPLOYMENT_TARGET = 8.2;
				MTL_ENABLE_DEBUG_INFO = YES;
				ONLY_ACTIVE_ARCH = YES;
				SDKROOT = iphoneos;
			};
			name = Debug;
		};
		691FEA0C1ABA2F1800120DEA /* Release */ = {
			isa = XCBuildConfiguration;
			buildSettings = {
				ALWAYS_SEARCH_USER_PATHS = NO;
				CLANG_CXX_LANGUAGE_STANDARD = "gnu++0x";
				CLANG_CXX_LIBRARY = "libc++";
				CLANG_ENABLE_MODULES = YES;
				CLANG_ENABLE_OBJC_ARC = YES;
				CLANG_WARN_BOOL_CONVERSION = YES;
				CLANG_WARN_CONSTANT_CONVERSION = YES;
				CLANG_WARN_DIRECT_OBJC_ISA_USAGE = YES_ERROR;
				CLANG_WARN_EMPTY_BODY = YES;
				CLANG_WARN_ENUM_CONVERSION = YES;
				CLANG_WARN_INT_CONVERSION = YES;
				CLANG_WARN_OBJC_ROOT_CLASS = YES_ERROR;
				CLANG_WARN_UNREACHABLE_CODE = YES;
				CLANG_WARN__DUPLICATE_METHOD_MATCH = YES;
				"CODE_SIGN_IDENTITY[sdk=iphoneos*]" = "iPhone Developer";
				COPY_PHASE_STRIP = NO;
				ENABLE_NS_ASSERTIONS = NO;
				ENABLE_STRICT_OBJC_MSGSEND = YES;
				GCC_C_LANGUAGE_STANDARD = gnu99;
				GCC_WARN_64_TO_32_BIT_CONVERSION = YES;
				GCC_WARN_ABOUT_RETURN_TYPE = YES_ERROR;
				GCC_WARN_UNDECLARED_SELECTOR = YES;
				GCC_WARN_UNINITIALIZED_AUTOS = YES_AGGRESSIVE;
				GCC_WARN_UNUSED_FUNCTION = YES;
				GCC_WARN_UNUSED_VARIABLE = YES;
				IPHONEOS_DEPLOYMENT_TARGET = 8.2;
				MTL_ENABLE_DEBUG_INFO = NO;
				SDKROOT = iphoneos;
				VALIDATE_PRODUCT = YES;
			};
			name = Release;
		};
		691FEA0E1ABA2F1800120DEA /* Debug */ = {
			isa = XCBuildConfiguration;
			buildSettings = {
				ASSETCATALOG_COMPILER_APPICON_NAME = AppIcon;
				INFOPLIST_FILE = Mutable/Info.plist;
				LD_RUNPATH_SEARCH_PATHS = "$(inherited) @executable_path/Frameworks";
				PRODUCT_NAME = "$(TARGET_NAME)";
			};
			name = Debug;
		};
		691FEA0F1ABA2F1800120DEA /* Release */ = {
			isa = XCBuildConfiguration;
			buildSettings = {
				ASSETCATALOG_COMPILER_APPICON_NAME = AppIcon;
				INFOPLIST_FILE = Mutable/Info.plist;
				LD_RUNPATH_SEARCH_PATHS = "$(inherited) @executable_path/Frameworks";
				PRODUCT_NAME = "$(TARGET_NAME)";
			};
			name = Release;
		};
		691FEA111ABA2F1800120DEA /* Debug */ = {
			isa = XCBuildConfiguration;
			buildSettings = {
				BUNDLE_LOADER = "$(TEST_HOST)";
				FRAMEWORK_SEARCH_PATHS = (
					"$(SDKROOT)/Developer/Library/Frameworks",
					"$(inherited)",
				);
				GCC_PREPROCESSOR_DEFINITIONS = (
					"DEBUG=1",
					"$(inherited)",
				);
				INFOPLIST_FILE = MutableTests/Info.plist;
				LD_RUNPATH_SEARCH_PATHS = "$(inherited) @executable_path/Frameworks @loader_path/Frameworks";
				PRODUCT_NAME = "$(TARGET_NAME)";
				TEST_HOST = "$(BUILT_PRODUCTS_DIR)/Mutable.app/Mutable";
			};
			name = Debug;
		};
		691FEA121ABA2F1800120DEA /* Release */ = {
			isa = XCBuildConfiguration;
			buildSettings = {
				BUNDLE_LOADER = "$(TEST_HOST)";
				FRAMEWORK_SEARCH_PATHS = (
					"$(SDKROOT)/Developer/Library/Frameworks",
					"$(inherited)",
				);
				INFOPLIST_FILE = MutableTests/Info.plist;
				LD_RUNPATH_SEARCH_PATHS = "$(inherited) @executable_path/Frameworks @loader_path/Frameworks";
				PRODUCT_NAME = "$(TARGET_NAME)";
				TEST_HOST = "$(BUILT_PRODUCTS_DIR)/Mutable.app/Mutable";
			};
			name = Release;
		};
/* End XCBuildConfiguration section */

/* Begin XCConfigurationList section */
		691FE9E51ABA2F1700120DEA /* Build configuration list for PBXProject "Mutable" */ = {
			isa = XCConfigurationList;
			buildConfigurations = (
				691FEA0B1ABA2F1800120DEA /* Debug */,
				691FEA0C1ABA2F1800120DEA /* Release */,
			);
			defaultConfigurationIsVisible = 0;
			defaultConfigurationName = Release;
		};
		691FEA0D1ABA2F1800120DEA /* Build configuration list for PBXNativeTarget "Mutable" */ = {
			isa = XCConfigurationList;
			buildConfigurations = (
				691FEA0E1ABA2F1800120DEA /* Debug */,
				691FEA0F1ABA2F1800120DEA /* Release */,
			);
			defaultConfigurationIsVisible = 0;
		};
		691FEA101ABA2F1800120DEA /* Build configuration list for PBXNativeTarget "MutableTests" */ = {
			isa = XCConfigurationList;
			buildConfigurations = (
				691FEA111ABA2F1800120DEA /* Debug */,
				691FEA121ABA2F1800120DEA /* Release */,
			);
			defaultConfigurationIsVisible = 0;
		};
/* End XCConfigurationList section */
	};
	rootObject = 691FE9E21ABA2F1700120DEA /* Project object */;
}
