// !$*UTF8*$!
{
	archiveVersion = 1;
	classes = {
	};
	objectVersion = 46;
	objects = {

/* Begin PBXBuildFile section */
		6900A0091B757DE800009C64 /* CircleShape.png in Resources */ = {isa = PBXBuildFile; fileRef = 6900A0051B757DE800009C64 /* CircleShape.png */; };
		6900A00A1B757DE800009C64 /* LineShape.png in Resources */ = {isa = PBXBuildFile; fileRef = 6900A0061B757DE800009C64 /* LineShape.png */; };
		6900A00B1B757DE800009C64 /* SquareShape.png in Resources */ = {isa = PBXBuildFile; fileRef = 6900A0071B757DE800009C64 /* SquareShape.png */; };
		6900A00C1B757DE800009C64 /* TriangleShape.png in Resources */ = {isa = PBXBuildFile; fileRef = 6900A0081B757DE800009C64 /* TriangleShape.png */; };
		6906465D1B811084004D6152 /* Snake.png in Resources */ = {isa = PBXBuildFile; fileRef = 6906465C1B811084004D6152 /* Snake.png */; };
		690646641B8121A1004D6152 /* MutableIcon 58.png in Resources */ = {isa = PBXBuildFile; fileRef = 690646621B8121A1004D6152 /* MutableIcon 58.png */; };
		690646651B8121A1004D6152 /* MutableIcon 80.png in Resources */ = {isa = PBXBuildFile; fileRef = 690646631B8121A1004D6152 /* MutableIcon 80.png */; };
		69196FC81B3A024000DAB092 /* HeadLink.m in Sources */ = {isa = PBXBuildFile; fileRef = 69196FC71B3A024000DAB092 /* HeadLink.m */; };
		691FB30C1D6D7A8600EAD5EF /* SubSettingsViewController.m in Sources */ = {isa = PBXBuildFile; fileRef = 691FB30B1D6D7A8600EAD5EF /* SubSettingsViewController.m */; };
		691FE9F01ABA2F1700120DEA /* main.m in Sources */ = {isa = PBXBuildFile; fileRef = 691FE9EF1ABA2F1700120DEA /* main.m */; };
		691FE9F31ABA2F1700120DEA /* AppDelegate.m in Sources */ = {isa = PBXBuildFile; fileRef = 691FE9F21ABA2F1700120DEA /* AppDelegate.m */; };
		691FE9F91ABA2F1700120DEA /* Main.storyboard in Resources */ = {isa = PBXBuildFile; fileRef = 691FE9F71ABA2F1700120DEA /* Main.storyboard */; };
		691FE9FB1ABA2F1700120DEA /* Images.xcassets in Resources */ = {isa = PBXBuildFile; fileRef = 691FE9FA1ABA2F1700120DEA /* Images.xcassets */; };
		691FE9FE1ABA2F1700120DEA /* LaunchScreen.xib in Resources */ = {isa = PBXBuildFile; fileRef = 691FE9FC1ABA2F1700120DEA /* LaunchScreen.xib */; };
		691FEA0A1ABA2F1800120DEA /* MutableTests.m in Sources */ = {isa = PBXBuildFile; fileRef = 691FEA091ABA2F1800120DEA /* MutableTests.m */; };
		691FEA2C1ABA547E00120DEA /* Point.png in Resources */ = {isa = PBXBuildFile; fileRef = 691FEA2B1ABA547E00120DEA /* Point.png */; };
		6928114F1AC0E46A00697D34 /* Bullet.m in Sources */ = {isa = PBXBuildFile; fileRef = 6928114E1AC0E46A00697D34 /* Bullet.m */; };
		692B65651B6981BD00878A0E /* Food.m in Sources */ = {isa = PBXBuildFile; fileRef = 692B65641B6981BD00878A0E /* Food.m */; };
		692B65681B69C70F00878A0E /* Projectile.m in Sources */ = {isa = PBXBuildFile; fileRef = 692B65671B69C70F00878A0E /* Projectile.m */; };
		693A8C171C271CC80084BD61 /* BlockadeBarricade.m in Sources */ = {isa = PBXBuildFile; fileRef = 693A8C161C271CC80084BD61 /* BlockadeBarricade.m */; };
		693A8C191C29F10B0084BD61 /* MovingWall.m in Sources */ = {isa = PBXBuildFile; fileRef = 693A8C181C29F10B0084BD61 /* MovingWall.m */; };
		693A8C1C1C29F1D10084BD61 /* WallLink.m in Sources */ = {isa = PBXBuildFile; fileRef = 693A8C1B1C29F1D10084BD61 /* WallLink.m */; };
		6941A5561B3CA3DE0014B916 /* Mine.m in Sources */ = {isa = PBXBuildFile; fileRef = 6941A5551B3CA3DE0014B916 /* Mine.m */; };
		6942A8C31AC523E1004DD764 /* Ring.png in Resources */ = {isa = PBXBuildFile; fileRef = 6942A8C21AC523E1004DD764 /* Ring.png */; };
		6942A8CF1AC527F5004DD764 /* MutableIcon.png in Resources */ = {isa = PBXBuildFile; fileRef = 6942A8CE1AC527F5004DD764 /* MutableIcon.png */; };
		6942A8D11AC5289F004DD764 /* LoadingIcon.png in Resources */ = {isa = PBXBuildFile; fileRef = 6942A8D01AC5289F004DD764 /* LoadingIcon.png */; };
		695B1D2F1B5DBDF900BAA2C9 /* redBackground.png in Resources */ = {isa = PBXBuildFile; fileRef = 695B1D2E1B5DBDF900BAA2C9 /* redBackground.png */; };
		695B1D311B5DC99400BAA2C9 /* greyBackground.png in Resources */ = {isa = PBXBuildFile; fileRef = 695B1D301B5DC99400BAA2C9 /* greyBackground.png */; };
		6963B4691B2FC921006F8C15 /* buttonBackground.png in Resources */ = {isa = PBXBuildFile; fileRef = 6963B4681B2FC921006F8C15 /* buttonBackground.png */; };
		696F6C9D1ABE3FE1007A7848 /* Enemy.png in Resources */ = {isa = PBXBuildFile; fileRef = 696F6C9C1ABE3FE1007A7848 /* Enemy.png */; };
		6974E94A1B67187200CE51B9 /* DoubleBullet.m in Sources */ = {isa = PBXBuildFile; fileRef = 6974E9491B67187200CE51B9 /* DoubleBullet.m */; };
		6974E94F1B6842D500CE51B9 /* Arrow.m in Sources */ = {isa = PBXBuildFile; fileRef = 6974E94E1B6842D500CE51B9 /* Arrow.m */; };
		6974E9511B68545300CE51B9 /* Barracade.m in Sources */ = {isa = PBXBuildFile; fileRef = 6974E9501B68545300CE51B9 /* Barracade.m */; };
		6974E9541B686EA100CE51B9 /* wallLightning.png in Resources */ = {isa = PBXBuildFile; fileRef = 6974E9531B686EA100CE51B9 /* wallLightning.png */; };
		697574961B3F0243006C5344 /* HeadLink.png in Resources */ = {isa = PBXBuildFile; fileRef = 697574951B3F0243006C5344 /* HeadLink.png */; };
		697574981B3F606D006C5344 /* circleShapeButton.png in Resources */ = {isa = PBXBuildFile; fileRef = 697574971B3F606C006C5344 /* circleShapeButton.png */; };
		6975749D1B3F9126006C5344 /* Barrack.png in Resources */ = {isa = PBXBuildFile; fileRef = 6975749C1B3F9126006C5344 /* Barrack.png */; };
		6977B2601AC6048200D005FE /* PointGem.png in Resources */ = {isa = PBXBuildFile; fileRef = 6977B25F1AC6048200D005FE /* PointGem.png */; };
		6977B2671AC60F9E00D005FE /* GreenBackgroundMenu.png in Resources */ = {isa = PBXBuildFile; fileRef = 6977B2661AC60F9E00D005FE /* GreenBackgroundMenu.png */; };
		6977B2691AC6116C00D005FE /* redBackgroundMenu.png in Resources */ = {isa = PBXBuildFile; fileRef = 6977B2681AC6116C00D005FE /* redBackgroundMenu.png */; };
		697E12581ABB691C0037D307 /* MovingObject.m in Sources */ = {isa = PBXBuildFile; fileRef = 697E12571ABB691C0037D307 /* MovingObject.m */; };
		697E125A1ABB6B4E0037D307 /* LevelViewController.m in Sources */ = {isa = PBXBuildFile; fileRef = 697E12591ABB6B4E0037D307 /* LevelViewController.m */; };
		697E2DB91B39BADB00DD0696 /* Base.m in Sources */ = {isa = PBXBuildFile; fileRef = 697E2DB81B39BADB00DD0696 /* Base.m */; };
		697E2DBB1B39BB8A00DD0696 /* Gem.m in Sources */ = {isa = PBXBuildFile; fileRef = 697E2DBA1B39BB8A00DD0696 /* Gem.m */; };
		6983BF3F1AC4F8DA0024585D /* HomePageView.png in Resources */ = {isa = PBXBuildFile; fileRef = 6983BF3E1AC4F8DA0024585D /* HomePageView.png */; };
		6983BF411AC4FA7A0024585D /* LevelsView.png in Resources */ = {isa = PBXBuildFile; fileRef = 6983BF401AC4FA7A0024585D /* LevelsView.png */; };
		69854FAD1AD24B6000F5327D /* health.png in Resources */ = {isa = PBXBuildFile; fileRef = 69854FAC1AD24B6000F5327D /* health.png */; };
		69854FAF1AD24FFD00F5327D /* base.png in Resources */ = {isa = PBXBuildFile; fileRef = 69854FAE1AD24FFD00F5327D /* base.png */; };
		698743D81AC3939800A360C3 /* menuBackground.png in Resources */ = {isa = PBXBuildFile; fileRef = 698743D71AC3939800A360C3 /* menuBackground.png */; };
		699B569E1B5F255D00B735C7 /* mineImage2.png in Resources */ = {isa = PBXBuildFile; fileRef = 699B569D1B5F255D00B735C7 /* mineImage2.png */; };
		699B56A01B5F263E00B735C7 /* blockadeElement.png in Resources */ = {isa = PBXBuildFile; fileRef = 699B569F1B5F263E00B735C7 /* blockadeElement.png */; };
		699B56A21B5F27E000B735C7 /* base2.png in Resources */ = {isa = PBXBuildFile; fileRef = 699B56A11B5F27E000B735C7 /* base2.png */; };
		699B56A41B5F28DC00B735C7 /* arrow.png in Resources */ = {isa = PBXBuildFile; fileRef = 699B56A31B5F28DC00B735C7 /* arrow.png */; };
		699B56A61B5F296500B735C7 /* snakeLink.png in Resources */ = {isa = PBXBuildFile; fileRef = 699B56A51B5F296500B735C7 /* snakeLink.png */; };
		699B56A81B5F2A6900B735C7 /* Laser.png in Resources */ = {isa = PBXBuildFile; fileRef = 699B56A71B5F2A6900B735C7 /* Laser.png */; };
		699B56AA1B60414F00B735C7 /* newKamikaze.png in Resources */ = {isa = PBXBuildFile; fileRef = 699B56A91B60414F00B735C7 /* newKamikaze.png */; };
		699B56AC1B6045B900B735C7 /* Squadron.m in Sources */ = {isa = PBXBuildFile; fileRef = 699B56AB1B6045B900B735C7 /* Squadron.m */; };
		699B56B01B60655A00B735C7 /* BasicObject.m in Sources */ = {isa = PBXBuildFile; fileRef = 699B56AF1B60655A00B735C7 /* BasicObject.m */; };
		69A7B45D1B4E0EE000E62477 /* TurretGun.png in Resources */ = {isa = PBXBuildFile; fileRef = 69A7B45C1B4E0EE000E62477 /* TurretGun.png */; };
		69A7B4601B4E0F0200E62477 /* TurretGun.m in Sources */ = {isa = PBXBuildFile; fileRef = 69A7B45F1B4E0F0200E62477 /* TurretGun.m */; };
		69A9FC621B3889F400767670 /* Snake.m in Sources */ = {isa = PBXBuildFile; fileRef = 69A9FC611B3889F400767670 /* Snake.m */; };
		69A9FC641B388A2700767670 /* MineField.m in Sources */ = {isa = PBXBuildFile; fileRef = 69A9FC631B388A2700767670 /* MineField.m */; };
		69A9FC681B388A3900767670 /* BlockadeElement.m in Sources */ = {isa = PBXBuildFile; fileRef = 69A9FC671B388A3900767670 /* BlockadeElement.m */; };
		69A9FC6A1B388A4600767670 /* Shifting.m in Sources */ = {isa = PBXBuildFile; fileRef = 69A9FC691B388A4600767670 /* Shifting.m */; };
		69A9FC6E1B388A6D00767670 /* Drone.m in Sources */ = {isa = PBXBuildFile; fileRef = 69A9FC6D1B388A6D00767670 /* Drone.m */; };
		69AE384F1D6FFC7C00A7C7E6 /* DescriptionTextView.xib in Resources */ = {isa = PBXBuildFile; fileRef = 69AE384E1D6FFC7C00A7C7E6 /* DescriptionTextView.xib */; };
		69AE38511D6FFCA500A7C7E6 /* DescriptionTextView.m in Sources */ = {isa = PBXBuildFile; fileRef = 69AE38501D6FFCA500A7C7E6 /* DescriptionTextView.m */; };
		69AE38541D70029700A7C7E6 /* EasterEggViewController.m in Sources */ = {isa = PBXBuildFile; fileRef = 69AE38531D70029700A7C7E6 /* EasterEggViewController.m */; };
		69B1C3261D6EB6F30061EEA6 /* HeaderCell.xib in Resources */ = {isa = PBXBuildFile; fileRef = 69B1C3251D6EB6F30061EEA6 /* HeaderCell.xib */; };
		69B1C3281D6EB7180061EEA6 /* HeaderCell.m in Sources */ = {isa = PBXBuildFile; fileRef = 69B1C3271D6EB7180061EEA6 /* HeaderCell.m */; };
		69B1C32C1D6EB8F70061EEA6 /* DescriptionView.xib in Resources */ = {isa = PBXBuildFile; fileRef = 69B1C32B1D6EB8F70061EEA6 /* DescriptionView.xib */; };
		69B1C32E1D6EB9020061EEA6 /* DescriptionView.m in Sources */ = {isa = PBXBuildFile; fileRef = 69B1C32D1D6EB9020061EEA6 /* DescriptionView.m */; };
		69B84D3C1AC88F5A002BFF16 /* mineImage.png in Resources */ = {isa = PBXBuildFile; fileRef = 69B84D3B1AC88F5A002BFF16 /* mineImage.png */; };
		69B84D3E1AC893BE002BFF16 /* kamikaze.png in Resources */ = {isa = PBXBuildFile; fileRef = 69B84D3D1AC893BE002BFF16 /* kamikaze.png */; };
		69C2BABC1B7BEEF500190EE1 /* Small Logo.png in Resources */ = {isa = PBXBuildFile; fileRef = 69C2BABB1B7BEEF500190EE1 /* Small Logo.png */; };
		69D1DC841D5EEDC100DF29B5 /* SettingsViewController.m in Sources */ = {isa = PBXBuildFile; fileRef = 69D1DC831D5EEDC100DF29B5 /* SettingsViewController.m */; };
		69D1DC891D5EEF0B00DF29B5 /* arrowCell.m in Sources */ = {isa = PBXBuildFile; fileRef = 69D1DC871D5EEF0B00DF29B5 /* arrowCell.m */; };
		69D1DC8A1D5EEF0B00DF29B5 /* arrowCell.xib in Resources */ = {isa = PBXBuildFile; fileRef = 69D1DC881D5EEF0B00DF29B5 /* arrowCell.xib */; };
		69D1DC8C1D5EF40600DF29B5 /* HowToPlayViewController.m in Sources */ = {isa = PBXBuildFile; fileRef = 69D1DC8B1D5EF40600DF29B5 /* HowToPlayViewController.m */; };
		69D743011B86E0AB00844502 /* Tracker.m in Sources */ = {isa = PBXBuildFile; fileRef = 69D743001B86E0AB00844502 /* Tracker.m */; };
		69DB88611B4825EA00D84112 /* AppUtilities.m in Sources */ = {isa = PBXBuildFile; fileRef = 69DB88601B4825EA00D84112 /* AppUtilities.m */; };
		69DFF25B1AC0760B001D53CE /* HomeView.m in Sources */ = {isa = PBXBuildFile; fileRef = 69DFF25A1AC0760B001D53CE /* HomeView.m */; };
		69E5F6A71B4CBEAD00BE4B6F /* lifePowerUp.png in Resources */ = {isa = PBXBuildFile; fileRef = 69E5F6A61B4CBEAD00BE4B6F /* lifePowerUp.png */; };
		69E955D51C2C64CF009F4C6D /* ViewPopulator.m in Sources */ = {isa = PBXBuildFile; fileRef = 69E955D41C2C64CF009F4C6D /* ViewPopulator.m */; };
		69F647C51BA93B0800D8BD88 /* MasterViewController.m in Sources */ = {isa = PBXBuildFile; fileRef = 69F647C41BA93B0800D8BD88 /* MasterViewController.m */; };
/* End PBXBuildFile section */

/* Begin PBXContainerItemProxy section */
		691FEA041ABA2F1800120DEA /* PBXContainerItemProxy */ = {
			isa = PBXContainerItemProxy;
			containerPortal = 691FE9E21ABA2F1700120DEA /* Project object */;
			proxyType = 1;
			remoteGlobalIDString = 691FE9E91ABA2F1700120DEA;
			remoteInfo = Mutable;
		};
/* End PBXContainerItemProxy section */

/* Begin PBXFileReference section */
		6900A0051B757DE800009C64 /* CircleShape.png */ = {isa = PBXFileReference; lastKnownFileType = image.png; path = CircleShape.png; sourceTree = "<group>"; };
		6900A0061B757DE800009C64 /* LineShape.png */ = {isa = PBXFileReference; lastKnownFileType = image.png; path = LineShape.png; sourceTree = "<group>"; };
		6900A0071B757DE800009C64 /* SquareShape.png */ = {isa = PBXFileReference; lastKnownFileType = image.png; path = SquareShape.png; sourceTree = "<group>"; };
		6900A0081B757DE800009C64 /* TriangleShape.png */ = {isa = PBXFileReference; lastKnownFileType = image.png; path = TriangleShape.png; sourceTree = "<group>"; };
		6906465C1B811084004D6152 /* Snake.png */ = {isa = PBXFileReference; lastKnownFileType = image.png; path = Snake.png; sourceTree = "<group>"; };
		690646621B8121A1004D6152 /* MutableIcon 58.png */ = {isa = PBXFileReference; lastKnownFileType = image.png; path = "MutableIcon 58.png"; sourceTree = "<group>"; };
		690646631B8121A1004D6152 /* MutableIcon 80.png */ = {isa = PBXFileReference; lastKnownFileType = image.png; path = "MutableIcon 80.png"; sourceTree = "<group>"; };
		69196FC61B3A023800DAB092 /* HeadLink.h */ = {isa = PBXFileReference; lastKnownFileType = sourcecode.c.h; path = HeadLink.h; sourceTree = "<group>"; };
		69196FC71B3A024000DAB092 /* HeadLink.m */ = {isa = PBXFileReference; fileEncoding = 4; lastKnownFileType = sourcecode.c.objc; path = HeadLink.m; sourceTree = "<group>"; };
		691FB30B1D6D7A8600EAD5EF /* SubSettingsViewController.m */ = {isa = PBXFileReference; fileEncoding = 4; lastKnownFileType = sourcecode.c.objc; path = SubSettingsViewController.m; sourceTree = "<group>"; };
		691FB30D1D6D7A9000EAD5EF /* SubSettingsViewController.h */ = {isa = PBXFileReference; lastKnownFileType = sourcecode.c.h; path = SubSettingsViewController.h; sourceTree = "<group>"; };
		691FE9EA1ABA2F1700120DEA /* Mutable.app */ = {isa = PBXFileReference; explicitFileType = wrapper.application; includeInIndex = 0; path = Mutable.app; sourceTree = BUILT_PRODUCTS_DIR; };
		691FE9EE1ABA2F1700120DEA /* Info.plist */ = {isa = PBXFileReference; lastKnownFileType = text.plist.xml; path = Info.plist; sourceTree = "<group>"; };
		691FE9EF1ABA2F1700120DEA /* main.m */ = {isa = PBXFileReference; lastKnownFileType = sourcecode.c.objc; path = main.m; sourceTree = "<group>"; };
		691FE9F11ABA2F1700120DEA /* AppDelegate.h */ = {isa = PBXFileReference; lastKnownFileType = sourcecode.c.h; path = AppDelegate.h; sourceTree = "<group>"; };
		691FE9F21ABA2F1700120DEA /* AppDelegate.m */ = {isa = PBXFileReference; lastKnownFileType = sourcecode.c.objc; path = AppDelegate.m; sourceTree = "<group>"; };
		691FE9F81ABA2F1700120DEA /* Base */ = {isa = PBXFileReference; lastKnownFileType = file.storyboard; name = Base; path = Base.lproj/Main.storyboard; sourceTree = "<group>"; };
		691FE9FA1ABA2F1700120DEA /* Images.xcassets */ = {isa = PBXFileReference; lastKnownFileType = folder.assetcatalog; path = Images.xcassets; sourceTree = "<group>"; };
		691FE9FD1ABA2F1700120DEA /* Base */ = {isa = PBXFileReference; lastKnownFileType = file.xib; name = Base; path = Base.lproj/LaunchScreen.xib; sourceTree = "<group>"; };
		691FEA031ABA2F1800120DEA /* MutableTests.xctest */ = {isa = PBXFileReference; explicitFileType = wrapper.cfbundle; includeInIndex = 0; path = MutableTests.xctest; sourceTree = BUILT_PRODUCTS_DIR; };
		691FEA081ABA2F1800120DEA /* Info.plist */ = {isa = PBXFileReference; lastKnownFileType = text.plist.xml; path = Info.plist; sourceTree = "<group>"; };
		691FEA091ABA2F1800120DEA /* MutableTests.m */ = {isa = PBXFileReference; lastKnownFileType = sourcecode.c.objc; path = MutableTests.m; sourceTree = "<group>"; };
		691FEA2B1ABA547E00120DEA /* Point.png */ = {isa = PBXFileReference; lastKnownFileType = image.png; path = Point.png; sourceTree = "<group>"; };
		6928114E1AC0E46A00697D34 /* Bullet.m */ = {isa = PBXFileReference; fileEncoding = 4; lastKnownFileType = sourcecode.c.objc; path = Bullet.m; sourceTree = "<group>"; };
		692811501AC0E47100697D34 /* Bullet.h */ = {isa = PBXFileReference; lastKnownFileType = sourcecode.c.h; path = Bullet.h; sourceTree = "<group>"; };
		692B65631B6981B700878A0E /* Food.h */ = {isa = PBXFileReference; lastKnownFileType = sourcecode.c.h; path = Food.h; sourceTree = "<group>"; };
		692B65641B6981BD00878A0E /* Food.m */ = {isa = PBXFileReference; fileEncoding = 4; lastKnownFileType = sourcecode.c.objc; path = Food.m; sourceTree = "<group>"; };
		692B65661B69C70700878A0E /* Projectile.h */ = {isa = PBXFileReference; lastKnownFileType = sourcecode.c.h; path = Projectile.h; sourceTree = "<group>"; };
		692B65671B69C70F00878A0E /* Projectile.m */ = {isa = PBXFileReference; fileEncoding = 4; lastKnownFileType = sourcecode.c.objc; path = Projectile.m; sourceTree = "<group>"; };
		693A8C151C271CBF0084BD61 /* BlockadeBarricade.h */ = {isa = PBXFileReference; lastKnownFileType = sourcecode.c.h; path = BlockadeBarricade.h; sourceTree = "<group>"; };
		693A8C161C271CC80084BD61 /* BlockadeBarricade.m */ = {isa = PBXFileReference; fileEncoding = 4; lastKnownFileType = sourcecode.c.objc; path = BlockadeBarricade.m; sourceTree = "<group>"; };
		693A8C181C29F10B0084BD61 /* MovingWall.m */ = {isa = PBXFileReference; fileEncoding = 4; lastKnownFileType = sourcecode.c.objc; path = MovingWall.m; sourceTree = "<group>"; };
		693A8C1A1C29F1120084BD61 /* MovingWall.h */ = {isa = PBXFileReference; lastKnownFileType = sourcecode.c.h; path = MovingWall.h; sourceTree = "<group>"; };
		693A8C1B1C29F1D10084BD61 /* WallLink.m */ = {isa = PBXFileReference; fileEncoding = 4; lastKnownFileType = sourcecode.c.objc; path = WallLink.m; sourceTree = "<group>"; };
		693A8C1D1C29F1D60084BD61 /* WallLink.h */ = {isa = PBXFileReference; lastKnownFileType = sourcecode.c.h; path = WallLink.h; sourceTree = "<group>"; };
		6941A5541B3CA3D70014B916 /* Mine.h */ = {isa = PBXFileReference; lastKnownFileType = sourcecode.c.h; path = Mine.h; sourceTree = "<group>"; };
		6941A5551B3CA3DE0014B916 /* Mine.m */ = {isa = PBXFileReference; fileEncoding = 4; lastKnownFileType = sourcecode.c.objc; path = Mine.m; sourceTree = "<group>"; };
		6942A8C21AC523E1004DD764 /* Ring.png */ = {isa = PBXFileReference; lastKnownFileType = image.png; path = Ring.png; sourceTree = "<group>"; };
		6942A8CE1AC527F5004DD764 /* MutableIcon.png */ = {isa = PBXFileReference; lastKnownFileType = image.png; path = MutableIcon.png; sourceTree = "<group>"; };
		6942A8D01AC5289F004DD764 /* LoadingIcon.png */ = {isa = PBXFileReference; lastKnownFileType = image.png; path = LoadingIcon.png; sourceTree = "<group>"; };
		695B1D2E1B5DBDF900BAA2C9 /* redBackground.png */ = {isa = PBXFileReference; lastKnownFileType = image.png; path = redBackground.png; sourceTree = "<group>"; };
		695B1D301B5DC99400BAA2C9 /* greyBackground.png */ = {isa = PBXFileReference; lastKnownFileType = image.png; path = greyBackground.png; sourceTree = "<group>"; };
		6963B4681B2FC921006F8C15 /* buttonBackground.png */ = {isa = PBXFileReference; lastKnownFileType = image.png; path = buttonBackground.png; sourceTree = "<group>"; };
		696F6C9B1ABE1E60007A7848 /* AppConstants.h */ = {isa = PBXFileReference; lastKnownFileType = sourcecode.c.h; path = AppConstants.h; sourceTree = "<group>"; };
		696F6C9C1ABE3FE1007A7848 /* Enemy.png */ = {isa = PBXFileReference; lastKnownFileType = image.png; path = Enemy.png; sourceTree = "<group>"; };
		6974E9491B67187200CE51B9 /* DoubleBullet.m */ = {isa = PBXFileReference; fileEncoding = 4; lastKnownFileType = sourcecode.c.objc; path = DoubleBullet.m; sourceTree = "<group>"; };
		6974E94C1B67187C00CE51B9 /* DoubleBullet.h */ = {isa = PBXFileReference; lastKnownFileType = sourcecode.c.h; path = DoubleBullet.h; sourceTree = "<group>"; };
		6974E94D1B6842CF00CE51B9 /* Arrow.h */ = {isa = PBXFileReference; lastKnownFileType = sourcecode.c.h; path = Arrow.h; sourceTree = "<group>"; };
		6974E94E1B6842D500CE51B9 /* Arrow.m */ = {isa = PBXFileReference; fileEncoding = 4; lastKnownFileType = sourcecode.c.objc; path = Arrow.m; sourceTree = "<group>"; };
		6974E9501B68545300CE51B9 /* Barracade.m */ = {isa = PBXFileReference; fileEncoding = 4; lastKnownFileType = sourcecode.c.objc; path = Barracade.m; sourceTree = "<group>"; };
		6974E9521B68545800CE51B9 /* Barracade.h */ = {isa = PBXFileReference; lastKnownFileType = sourcecode.c.h; path = Barracade.h; sourceTree = "<group>"; };
		6974E9531B686EA100CE51B9 /* wallLightning.png */ = {isa = PBXFileReference; lastKnownFileType = image.png; path = wallLightning.png; sourceTree = "<group>"; };
		697574951B3F0243006C5344 /* HeadLink.png */ = {isa = PBXFileReference; lastKnownFileType = image.png; path = HeadLink.png; sourceTree = "<group>"; };
		697574971B3F606C006C5344 /* circleShapeButton.png */ = {isa = PBXFileReference; lastKnownFileType = image.png; path = circleShapeButton.png; sourceTree = "<group>"; };
		6975749C1B3F9126006C5344 /* Barrack.png */ = {isa = PBXFileReference; lastKnownFileType = image.png; path = Barrack.png; sourceTree = "<group>"; };
		6977B25F1AC6048200D005FE /* PointGem.png */ = {isa = PBXFileReference; lastKnownFileType = image.png; path = PointGem.png; sourceTree = "<group>"; };
		6977B2661AC60F9E00D005FE /* GreenBackgroundMenu.png */ = {isa = PBXFileReference; lastKnownFileType = image.png; path = GreenBackgroundMenu.png; sourceTree = "<group>"; };
		6977B2681AC6116C00D005FE /* redBackgroundMenu.png */ = {isa = PBXFileReference; lastKnownFileType = image.png; path = redBackgroundMenu.png; sourceTree = "<group>"; };
		697E12561ABB68710037D307 /* MovingObject.h */ = {isa = PBXFileReference; lastKnownFileType = sourcecode.c.h; path = MovingObject.h; sourceTree = "<group>"; };
		697E12571ABB691C0037D307 /* MovingObject.m */ = {isa = PBXFileReference; fileEncoding = 4; lastKnownFileType = sourcecode.c.objc; path = MovingObject.m; sourceTree = "<group>"; };
		697E12591ABB6B4E0037D307 /* LevelViewController.m */ = {isa = PBXFileReference; fileEncoding = 4; lastKnownFileType = sourcecode.c.objc; path = LevelViewController.m; sourceTree = "<group>"; };
		697E125B1ABB6B5B0037D307 /* LevelViewController.h */ = {isa = PBXFileReference; lastKnownFileType = sourcecode.c.h; path = LevelViewController.h; sourceTree = "<group>"; };
		697E2DB71B39BAD100DD0696 /* Base.h */ = {isa = PBXFileReference; lastKnownFileType = sourcecode.c.h; path = Base.h; sourceTree = "<group>"; };
		697E2DB81B39BADB00DD0696 /* Base.m */ = {isa = PBXFileReference; fileEncoding = 4; lastKnownFileType = sourcecode.c.objc; path = Base.m; sourceTree = "<group>"; };
		697E2DBA1B39BB8A00DD0696 /* Gem.m */ = {isa = PBXFileReference; fileEncoding = 4; lastKnownFileType = sourcecode.c.objc; path = Gem.m; sourceTree = "<group>"; };
		697E2DBC1B39BB9000DD0696 /* Gem.h */ = {isa = PBXFileReference; lastKnownFileType = sourcecode.c.h; path = Gem.h; sourceTree = "<group>"; };
		6983BF3E1AC4F8DA0024585D /* HomePageView.png */ = {isa = PBXFileReference; lastKnownFileType = image.png; path = HomePageView.png; sourceTree = "<group>"; };
		6983BF401AC4FA7A0024585D /* LevelsView.png */ = {isa = PBXFileReference; lastKnownFileType = image.png; path = LevelsView.png; sourceTree = "<group>"; };
		69854FAC1AD24B6000F5327D /* health.png */ = {isa = PBXFileReference; lastKnownFileType = image.png; path = health.png; sourceTree = "<group>"; };
		69854FAE1AD24FFD00F5327D /* base.png */ = {isa = PBXFileReference; lastKnownFileType = image.png; path = base.png; sourceTree = "<group>"; };
		698743D71AC3939800A360C3 /* menuBackground.png */ = {isa = PBXFileReference; lastKnownFileType = image.png; path = menuBackground.png; sourceTree = "<group>"; };
		699B569D1B5F255D00B735C7 /* mineImage2.png */ = {isa = PBXFileReference; lastKnownFileType = image.png; path = mineImage2.png; sourceTree = "<group>"; };
		699B569F1B5F263E00B735C7 /* blockadeElement.png */ = {isa = PBXFileReference; lastKnownFileType = image.png; path = blockadeElement.png; sourceTree = "<group>"; };
		699B56A11B5F27E000B735C7 /* base2.png */ = {isa = PBXFileReference; lastKnownFileType = image.png; path = base2.png; sourceTree = "<group>"; };
		699B56A31B5F28DC00B735C7 /* arrow.png */ = {isa = PBXFileReference; lastKnownFileType = image.png; path = arrow.png; sourceTree = "<group>"; };
		699B56A51B5F296500B735C7 /* snakeLink.png */ = {isa = PBXFileReference; lastKnownFileType = image.png; path = snakeLink.png; sourceTree = "<group>"; };
		699B56A71B5F2A6900B735C7 /* Laser.png */ = {isa = PBXFileReference; lastKnownFileType = image.png; path = Laser.png; sourceTree = "<group>"; };
		699B56A91B60414F00B735C7 /* newKamikaze.png */ = {isa = PBXFileReference; lastKnownFileType = image.png; path = newKamikaze.png; sourceTree = "<group>"; };
		699B56AB1B6045B900B735C7 /* Squadron.m */ = {isa = PBXFileReference; fileEncoding = 4; lastKnownFileType = sourcecode.c.objc; path = Squadron.m; sourceTree = "<group>"; };
		699B56AD1B6045C000B735C7 /* Squadron.h */ = {isa = PBXFileReference; lastKnownFileType = sourcecode.c.h; path = Squadron.h; sourceTree = "<group>"; };
		699B56AE1B60655000B735C7 /* BasicObject.h */ = {isa = PBXFileReference; lastKnownFileType = sourcecode.c.h; path = BasicObject.h; sourceTree = "<group>"; };
		699B56AF1B60655A00B735C7 /* BasicObject.m */ = {isa = PBXFileReference; fileEncoding = 4; lastKnownFileType = sourcecode.c.objc; path = BasicObject.m; sourceTree = "<group>"; };
		69A7B45C1B4E0EE000E62477 /* TurretGun.png */ = {isa = PBXFileReference; lastKnownFileType = image.png; path = TurretGun.png; sourceTree = "<group>"; };
		69A7B45E1B4E0EFA00E62477 /* TurretGun.h */ = {isa = PBXFileReference; lastKnownFileType = sourcecode.c.h; path = TurretGun.h; sourceTree = "<group>"; };
		69A7B45F1B4E0F0200E62477 /* TurretGun.m */ = {isa = PBXFileReference; fileEncoding = 4; lastKnownFileType = sourcecode.c.objc; path = TurretGun.m; sourceTree = "<group>"; };
		69A9FC601B3889EC00767670 /* Snake.h */ = {isa = PBXFileReference; lastKnownFileType = sourcecode.c.h; path = Snake.h; sourceTree = "<group>"; };
		69A9FC611B3889F400767670 /* Snake.m */ = {isa = PBXFileReference; fileEncoding = 4; lastKnownFileType = sourcecode.c.objc; path = Snake.m; sourceTree = "<group>"; };
		69A9FC631B388A2700767670 /* MineField.m */ = {isa = PBXFileReference; fileEncoding = 4; lastKnownFileType = sourcecode.c.objc; path = MineField.m; sourceTree = "<group>"; };
		69A9FC651B388A2B00767670 /* MineField.h */ = {isa = PBXFileReference; lastKnownFileType = sourcecode.c.h; path = MineField.h; sourceTree = "<group>"; };
		69A9FC661B388A3200767670 /* BlockadeElement.h */ = {isa = PBXFileReference; lastKnownFileType = sourcecode.c.h; path = BlockadeElement.h; sourceTree = "<group>"; };
		69A9FC671B388A3900767670 /* BlockadeElement.m */ = {isa = PBXFileReference; fileEncoding = 4; lastKnownFileType = sourcecode.c.objc; path = BlockadeElement.m; sourceTree = "<group>"; };
		69A9FC691B388A4600767670 /* Shifting.m */ = {isa = PBXFileReference; fileEncoding = 4; lastKnownFileType = sourcecode.c.objc; path = Shifting.m; sourceTree = "<group>"; };
		69A9FC6B1B388A4C00767670 /* Shifting.h */ = {isa = PBXFileReference; lastKnownFileType = sourcecode.c.h; path = Shifting.h; sourceTree = "<group>"; };
		69A9FC6C1B388A6300767670 /* Drone.h */ = {isa = PBXFileReference; lastKnownFileType = sourcecode.c.h; path = Drone.h; sourceTree = "<group>"; };
		69A9FC6D1B388A6D00767670 /* Drone.m */ = {isa = PBXFileReference; fileEncoding = 4; lastKnownFileType = sourcecode.c.objc; path = Drone.m; sourceTree = "<group>"; };
		69AE384E1D6FFC7C00A7C7E6 /* DescriptionTextView.xib */ = {isa = PBXFileReference; fileEncoding = 4; lastKnownFileType = file.xib; path = DescriptionTextView.xib; sourceTree = "<group>"; };
		69AE38501D6FFCA500A7C7E6 /* DescriptionTextView.m */ = {isa = PBXFileReference; fileEncoding = 4; lastKnownFileType = sourcecode.c.objc; path = DescriptionTextView.m; sourceTree = "<group>"; };
		69AE38521D6FFCAD00A7C7E6 /* DescriptionTextView.h */ = {isa = PBXFileReference; lastKnownFileType = sourcecode.c.h; path = DescriptionTextView.h; sourceTree = "<group>"; };
		69AE38531D70029700A7C7E6 /* EasterEggViewController.m */ = {isa = PBXFileReference; fileEncoding = 4; lastKnownFileType = sourcecode.c.objc; path = EasterEggViewController.m; sourceTree = "<group>"; };
		69AE38551D70029F00A7C7E6 /* EasterEggViewController.h */ = {isa = PBXFileReference; lastKnownFileType = sourcecode.c.h; path = EasterEggViewController.h; sourceTree = "<group>"; };
		69B1C3251D6EB6F30061EEA6 /* HeaderCell.xib */ = {isa = PBXFileReference; fileEncoding = 4; lastKnownFileType = file.xib; path = HeaderCell.xib; sourceTree = "<group>"; };
		69B1C3271D6EB7180061EEA6 /* HeaderCell.m */ = {isa = PBXFileReference; fileEncoding = 4; lastKnownFileType = sourcecode.c.objc; path = HeaderCell.m; sourceTree = "<group>"; };
		69B1C3291D6EB7200061EEA6 /* HeaderCell.h */ = {isa = PBXFileReference; lastKnownFileType = sourcecode.c.h; path = HeaderCell.h; sourceTree = "<group>"; };
		69B1C32B1D6EB8F70061EEA6 /* DescriptionView.xib */ = {isa = PBXFileReference; fileEncoding = 4; lastKnownFileType = file.xib; path = DescriptionView.xib; sourceTree = "<group>"; };
		69B1C32D1D6EB9020061EEA6 /* DescriptionView.m */ = {isa = PBXFileReference; fileEncoding = 4; lastKnownFileType = sourcecode.c.objc; path = DescriptionView.m; sourceTree = "<group>"; };
		69B1C32F1D6EB9080061EEA6 /* DescriptionView.h */ = {isa = PBXFileReference; lastKnownFileType = sourcecode.c.h; path = DescriptionView.h; sourceTree = "<group>"; };
		69B84D3B1AC88F5A002BFF16 /* mineImage.png */ = {isa = PBXFileReference; lastKnownFileType = image.png; path = mineImage.png; sourceTree = "<group>"; };
		69B84D3D1AC893BE002BFF16 /* kamikaze.png */ = {isa = PBXFileReference; lastKnownFileType = image.png; path = kamikaze.png; sourceTree = "<group>"; };
		69C2BABB1B7BEEF500190EE1 /* Small Logo.png */ = {isa = PBXFileReference; lastKnownFileType = image.png; name = "Small Logo.png"; path = "../../../Media/DshackTech Productions/DshackTech/Logos 2.0/Small Logo.png"; sourceTree = "<group>"; };
		69D1DC821D5EEDB700DF29B5 /* SettingsViewController.h */ = {isa = PBXFileReference; lastKnownFileType = sourcecode.c.h; path = SettingsViewController.h; sourceTree = "<group>"; };
		69D1DC831D5EEDC100DF29B5 /* SettingsViewController.m */ = {isa = PBXFileReference; fileEncoding = 4; lastKnownFileType = sourcecode.c.objc; path = SettingsViewController.m; sourceTree = "<group>"; };
		69D1DC861D5EEF0B00DF29B5 /* arrowCell.h */ = {isa = PBXFileReference; fileEncoding = 4; lastKnownFileType = sourcecode.c.h; path = arrowCell.h; sourceTree = "<group>"; };
		69D1DC871D5EEF0B00DF29B5 /* arrowCell.m */ = {isa = PBXFileReference; fileEncoding = 4; lastKnownFileType = sourcecode.c.objc; path = arrowCell.m; sourceTree = "<group>"; };
		69D1DC881D5EEF0B00DF29B5 /* arrowCell.xib */ = {isa = PBXFileReference; fileEncoding = 4; lastKnownFileType = file.xib; path = arrowCell.xib; sourceTree = "<group>"; };
		69D1DC8B1D5EF40600DF29B5 /* HowToPlayViewController.m */ = {isa = PBXFileReference; fileEncoding = 4; lastKnownFileType = sourcecode.c.objc; path = HowToPlayViewController.m; sourceTree = "<group>"; };
		69D1DC8D1D5EF41100DF29B5 /* HowToPlayViewController.h */ = {isa = PBXFileReference; lastKnownFileType = sourcecode.c.h; path = HowToPlayViewController.h; sourceTree = "<group>"; };
		69D743001B86E0AB00844502 /* Tracker.m */ = {isa = PBXFileReference; fileEncoding = 4; lastKnownFileType = sourcecode.c.objc; path = Tracker.m; sourceTree = "<group>"; };
		69D743021B86E0B200844502 /* Tracker.h */ = {isa = PBXFileReference; lastKnownFileType = sourcecode.c.h; path = Tracker.h; sourceTree = "<group>"; };
		69DB885F1B4825E200D84112 /* AppUtilities.h */ = {isa = PBXFileReference; lastKnownFileType = sourcecode.c.h; path = AppUtilities.h; sourceTree = "<group>"; };
		69DB88601B4825EA00D84112 /* AppUtilities.m */ = {isa = PBXFileReference; fileEncoding = 4; lastKnownFileType = sourcecode.c.objc; path = AppUtilities.m; sourceTree = "<group>"; };
		69DFF25A1AC0760B001D53CE /* HomeView.m */ = {isa = PBXFileReference; fileEncoding = 4; lastKnownFileType = sourcecode.c.objc; path = HomeView.m; sourceTree = "<group>"; };
		69DFF25C1AC07613001D53CE /* HomeView.h */ = {isa = PBXFileReference; lastKnownFileType = sourcecode.c.h; path = HomeView.h; sourceTree = "<group>"; };
		69E5F6A61B4CBEAD00BE4B6F /* lifePowerUp.png */ = {isa = PBXFileReference; lastKnownFileType = image.png; path = lifePowerUp.png; sourceTree = "<group>"; };
		69E955D31C2C64C6009F4C6D /* ViewPopulator.h */ = {isa = PBXFileReference; lastKnownFileType = sourcecode.c.h; path = ViewPopulator.h; sourceTree = "<group>"; };
		69E955D41C2C64CF009F4C6D /* ViewPopulator.m */ = {isa = PBXFileReference; fileEncoding = 4; lastKnownFileType = sourcecode.c.objc; path = ViewPopulator.m; sourceTree = "<group>"; };
		69F647C41BA93B0800D8BD88 /* MasterViewController.m */ = {isa = PBXFileReference; fileEncoding = 4; lastKnownFileType = sourcecode.c.objc; path = MasterViewController.m; sourceTree = "<group>"; };
		69F647C61BA93B1000D8BD88 /* MasterViewController.h */ = {isa = PBXFileReference; lastKnownFileType = sourcecode.c.h; path = MasterViewController.h; sourceTree = "<group>"; };
/* End PBXFileReference section */

/* Begin PBXFrameworksBuildPhase section */
		691FE9E71ABA2F1700120DEA /* Frameworks */ = {
			isa = PBXFrameworksBuildPhase;
			buildActionMask = 2147483647;
			files = (
			);
			runOnlyForDeploymentPostprocessing = 0;
		};
		691FEA001ABA2F1800120DEA /* Frameworks */ = {
			isa = PBXFrameworksBuildPhase;
			buildActionMask = 2147483647;
			files = (
			);
			runOnlyForDeploymentPostprocessing = 0;
		};
/* End PBXFrameworksBuildPhase section */

/* Begin PBXGroup section */
		691FE9E11ABA2F1700120DEA = {
			isa = PBXGroup;
			children = (
				691FE9EC1ABA2F1700120DEA /* Mutable */,
				691FEA061ABA2F1800120DEA /* MutableTests */,
				691FE9EB1ABA2F1700120DEA /* Products */,
			);
			sourceTree = "<group>";
		};
		691FE9EB1ABA2F1700120DEA /* Products */ = {
			isa = PBXGroup;
			children = (
				691FE9EA1ABA2F1700120DEA /* Mutable.app */,
				691FEA031ABA2F1800120DEA /* MutableTests.xctest */,
			);
			name = Products;
			sourceTree = "<group>";
		};
		691FE9EC1ABA2F1700120DEA /* Mutable */ = {
			isa = PBXGroup;
			children = (
				691FE9F11ABA2F1700120DEA /* AppDelegate.h */,
				691FE9F21ABA2F1700120DEA /* AppDelegate.m */,
				699B56B31B6069E100B735C7 /* System */,
				69DFF25D1AC07618001D53CE /* ViewControllers */,
				699B56B11B60665B00B735C7 /* MyObjects */,
				691FE9FA1ABA2F1700120DEA /* Images.xcassets */,
				691FE9FC1ABA2F1700120DEA /* LaunchScreen.xib */,
				691FE9ED1ABA2F1700120DEA /* Supporting Files */,
			);
			path = Mutable;
			sourceTree = "<group>";
		};
		691FE9ED1ABA2F1700120DEA /* Supporting Files */ = {
			isa = PBXGroup;
			children = (
				690646621B8121A1004D6152 /* MutableIcon 58.png */,
				690646631B8121A1004D6152 /* MutableIcon 80.png */,
				6906465C1B811084004D6152 /* Snake.png */,
				69C2BABB1B7BEEF500190EE1 /* Small Logo.png */,
				6900A0051B757DE800009C64 /* CircleShape.png */,
				6900A0061B757DE800009C64 /* LineShape.png */,
				6900A0071B757DE800009C64 /* SquareShape.png */,
				6900A0081B757DE800009C64 /* TriangleShape.png */,
				6974E9531B686EA100CE51B9 /* wallLightning.png */,
				699B56A91B60414F00B735C7 /* newKamikaze.png */,
				699B56A71B5F2A6900B735C7 /* Laser.png */,
				699B56A51B5F296500B735C7 /* snakeLink.png */,
				699B56A31B5F28DC00B735C7 /* arrow.png */,
				699B56A11B5F27E000B735C7 /* base2.png */,
				699B569D1B5F255D00B735C7 /* mineImage2.png */,
				695B1D301B5DC99400BAA2C9 /* greyBackground.png */,
				699B569F1B5F263E00B735C7 /* blockadeElement.png */,
				695B1D2E1B5DBDF900BAA2C9 /* redBackground.png */,
				69A7B45C1B4E0EE000E62477 /* TurretGun.png */,
				69E5F6A61B4CBEAD00BE4B6F /* lifePowerUp.png */,
				6975749C1B3F9126006C5344 /* Barrack.png */,
				697574971B3F606C006C5344 /* circleShapeButton.png */,
				697574951B3F0243006C5344 /* HeadLink.png */,
				6963B4681B2FC921006F8C15 /* buttonBackground.png */,
				69854FAE1AD24FFD00F5327D /* base.png */,
				69854FAC1AD24B6000F5327D /* health.png */,
				69B84D3D1AC893BE002BFF16 /* kamikaze.png */,
				69B84D3B1AC88F5A002BFF16 /* mineImage.png */,
				6977B2681AC6116C00D005FE /* redBackgroundMenu.png */,
				6977B2661AC60F9E00D005FE /* GreenBackgroundMenu.png */,
				6977B25F1AC6048200D005FE /* PointGem.png */,
				6942A8D01AC5289F004DD764 /* LoadingIcon.png */,
				6942A8CE1AC527F5004DD764 /* MutableIcon.png */,
				6942A8C21AC523E1004DD764 /* Ring.png */,
				6983BF401AC4FA7A0024585D /* LevelsView.png */,
				6983BF3E1AC4F8DA0024585D /* HomePageView.png */,
				698743D71AC3939800A360C3 /* menuBackground.png */,
				696F6C9C1ABE3FE1007A7848 /* Enemy.png */,
				691FEA2B1ABA547E00120DEA /* Point.png */,
				691FE9EE1ABA2F1700120DEA /* Info.plist */,
				691FE9EF1ABA2F1700120DEA /* main.m */,
			);
			name = "Supporting Files";
			sourceTree = "<group>";
		};
		691FEA061ABA2F1800120DEA /* MutableTests */ = {
			isa = PBXGroup;
			children = (
				691FEA091ABA2F1800120DEA /* MutableTests.m */,
				691FEA071ABA2F1800120DEA /* Supporting Files */,
			);
			path = MutableTests;
			sourceTree = "<group>";
		};
		691FEA071ABA2F1800120DEA /* Supporting Files */ = {
			isa = PBXGroup;
			children = (
				691FEA081ABA2F1800120DEA /* Info.plist */,
			);
			name = "Supporting Files";
			sourceTree = "<group>";
		};
		692B65691B69C82700878A0E /* Projectiles */ = {
			isa = PBXGroup;
			children = (
				692B65661B69C70700878A0E /* Projectile.h */,
				692B65671B69C70F00878A0E /* Projectile.m */,
				6974E94D1B6842CF00CE51B9 /* Arrow.h */,
				6974E94E1B6842D500CE51B9 /* Arrow.m */,
				692811501AC0E47100697D34 /* Bullet.h */,
				6928114E1AC0E46A00697D34 /* Bullet.m */,
				6974E94C1B67187C00CE51B9 /* DoubleBullet.h */,
				6974E9491B67187200CE51B9 /* DoubleBullet.m */,
				69D743031B86E0DF00844502 /* Trackers */,
			);
			name = Projectiles;
			sourceTree = "<group>";
		};
		697E12621ABB8A980037D307 /* MovingObjects */ = {
			isa = PBXGroup;
			children = (
				697E12561ABB68710037D307 /* MovingObject.h */,
				697E12571ABB691C0037D307 /* MovingObject.m */,
				69196FC61B3A023800DAB092 /* HeadLink.h */,
				69196FC71B3A024000DAB092 /* HeadLink.m */,
				69A9FC601B3889EC00767670 /* Snake.h */,
				69A9FC611B3889F400767670 /* Snake.m */,
				69A9FC661B388A3200767670 /* BlockadeElement.h */,
				69A9FC671B388A3900767670 /* BlockadeElement.m */,
				6974E9521B68545800CE51B9 /* Barracade.h */,
				6974E9501B68545300CE51B9 /* Barracade.m */,
				693A8C151C271CBF0084BD61 /* BlockadeBarricade.h */,
				693A8C161C271CC80084BD61 /* BlockadeBarricade.m */,
				693A8C1A1C29F1120084BD61 /* MovingWall.h */,
				693A8C181C29F10B0084BD61 /* MovingWall.m */,
				693A8C1D1C29F1D60084BD61 /* WallLink.h */,
				693A8C1B1C29F1D10084BD61 /* WallLink.m */,
				692B65691B69C82700878A0E /* Projectiles */,
			);
			name = MovingObjects;
			sourceTree = "<group>";
		};
		699B56B11B60665B00B735C7 /* MyObjects */ = {
			isa = PBXGroup;
			children = (
				699B56AE1B60655000B735C7 /* BasicObject.h */,
				699B56AF1B60655A00B735C7 /* BasicObject.m */,
				697E2DB71B39BAD100DD0696 /* Base.h */,
				697E2DB81B39BADB00DD0696 /* Base.m */,
				697E2DBC1B39BB9000DD0696 /* Gem.h */,
				697E2DBA1B39BB8A00DD0696 /* Gem.m */,
				692B65631B6981B700878A0E /* Food.h */,
				692B65641B6981BD00878A0E /* Food.m */,
				6941A5541B3CA3D70014B916 /* Mine.h */,
				6941A5551B3CA3DE0014B916 /* Mine.m */,
				69A9FC651B388A2B00767670 /* MineField.h */,
				69A9FC631B388A2700767670 /* MineField.m */,
				69A9FC6B1B388A4C00767670 /* Shifting.h */,
				69A9FC691B388A4600767670 /* Shifting.m */,
				69A7B45E1B4E0EFA00E62477 /* TurretGun.h */,
				69A7B45F1B4E0F0200E62477 /* TurretGun.m */,
				697E12621ABB8A980037D307 /* MovingObjects */,
			);
			name = MyObjects;
			sourceTree = "<group>";
		};
		699B56B31B6069E100B735C7 /* System */ = {
			isa = PBXGroup;
			children = (
				696F6C9B1ABE1E60007A7848 /* AppConstants.h */,
				69DB885F1B4825E200D84112 /* AppUtilities.h */,
				69DB88601B4825EA00D84112 /* AppUtilities.m */,
			);
			name = System;
			sourceTree = "<group>";
		};
		69B1C32A1D6EB7290061EEA6 /* Table Cells */ = {
			isa = PBXGroup;
			children = (
				69D1DC861D5EEF0B00DF29B5 /* arrowCell.h */,
				69D1DC871D5EEF0B00DF29B5 /* arrowCell.m */,
				69D1DC881D5EEF0B00DF29B5 /* arrowCell.xib */,
				69B1C3291D6EB7200061EEA6 /* HeaderCell.h */,
				69B1C3271D6EB7180061EEA6 /* HeaderCell.m */,
				69B1C3251D6EB6F30061EEA6 /* HeaderCell.xib */,
				69B1C32F1D6EB9080061EEA6 /* DescriptionView.h */,
				69B1C32D1D6EB9020061EEA6 /* DescriptionView.m */,
				69B1C32B1D6EB8F70061EEA6 /* DescriptionView.xib */,
				69AE38521D6FFCAD00A7C7E6 /* DescriptionTextView.h */,
				69AE38501D6FFCA500A7C7E6 /* DescriptionTextView.m */,
				69AE384E1D6FFC7C00A7C7E6 /* DescriptionTextView.xib */,
			);
			name = "Table Cells";
			sourceTree = "<group>";
		};
		69D743031B86E0DF00844502 /* Trackers */ = {
			isa = PBXGroup;
			children = (
				69D743021B86E0B200844502 /* Tracker.h */,
				69D743001B86E0AB00844502 /* Tracker.m */,
				69A9FC6C1B388A6300767670 /* Drone.h */,
				69A9FC6D1B388A6D00767670 /* Drone.m */,
				699B56AD1B6045C000B735C7 /* Squadron.h */,
				699B56AB1B6045B900B735C7 /* Squadron.m */,
			);
			name = Trackers;
			sourceTree = "<group>";
		};
		69DFF25D1AC07618001D53CE /* ViewControllers */ = {
			isa = PBXGroup;
			children = (
				691FE9F71ABA2F1700120DEA /* Main.storyboard */,
				69F647C61BA93B1000D8BD88 /* MasterViewController.h */,
				69F647C41BA93B0800D8BD88 /* MasterViewController.m */,
				697E125B1ABB6B5B0037D307 /* LevelViewController.h */,
				697E12591ABB6B4E0037D307 /* LevelViewController.m */,
				69E955D31C2C64C6009F4C6D /* ViewPopulator.h */,
				69E955D41C2C64CF009F4C6D /* ViewPopulator.m */,
				69DFF25C1AC07613001D53CE /* HomeView.h */,
				69DFF25A1AC0760B001D53CE /* HomeView.m */,
				69D1DC821D5EEDB700DF29B5 /* SettingsViewController.h */,
				69D1DC831D5EEDC100DF29B5 /* SettingsViewController.m */,
				691FB30D1D6D7A9000EAD5EF /* SubSettingsViewController.h */,
				691FB30B1D6D7A8600EAD5EF /* SubSettingsViewController.m */,
				69D1DC8D1D5EF41100DF29B5 /* HowToPlayViewController.h */,
				69D1DC8B1D5EF40600DF29B5 /* HowToPlayViewController.m */,
				69AE38551D70029F00A7C7E6 /* EasterEggViewController.h */,
				69AE38531D70029700A7C7E6 /* EasterEggViewController.m */,
				69B1C32A1D6EB7290061EEA6 /* Table Cells */,
			);
			name = ViewControllers;
			sourceTree = "<group>";
		};
/* End PBXGroup section */

/* Begin PBXNativeTarget section */
		691FE9E91ABA2F1700120DEA /* Mutable */ = {
			isa = PBXNativeTarget;
			buildConfigurationList = 691FEA0D1ABA2F1800120DEA /* Build configuration list for PBXNativeTarget "Mutable" */;
			buildPhases = (
				691FE9E61ABA2F1700120DEA /* Sources */,
				691FE9E71ABA2F1700120DEA /* Frameworks */,
				691FE9E81ABA2F1700120DEA /* Resources */,
			);
			buildRules = (
			);
			dependencies = (
			);
			name = Mutable;
			productName = Mutable;
			productReference = 691FE9EA1ABA2F1700120DEA /* Mutable.app */;
			productType = "com.apple.product-type.application";
		};
		691FEA021ABA2F1800120DEA /* MutableTests */ = {
			isa = PBXNativeTarget;
			buildConfigurationList = 691FEA101ABA2F1800120DEA /* Build configuration list for PBXNativeTarget "MutableTests" */;
			buildPhases = (
				691FE9FF1ABA2F1800120DEA /* Sources */,
				691FEA001ABA2F1800120DEA /* Frameworks */,
				691FEA011ABA2F1800120DEA /* Resources */,
			);
			buildRules = (
			);
			dependencies = (
				691FEA051ABA2F1800120DEA /* PBXTargetDependency */,
			);
			name = MutableTests;
			productName = MutableTests;
			productReference = 691FEA031ABA2F1800120DEA /* MutableTests.xctest */;
			productType = "com.apple.product-type.bundle.unit-test";
		};
/* End PBXNativeTarget section */

/* Begin PBXProject section */
		691FE9E21ABA2F1700120DEA /* Project object */ = {
			isa = PBXProject;
			attributes = {
				LastUpgradeCheck = 0620;
				ORGANIZATIONNAME = "Dylan Shackelford";
				TargetAttributes = {
					691FE9E91ABA2F1700120DEA = {
						CreatedOnToolsVersion = 6.2;
					};
					691FEA021ABA2F1800120DEA = {
						CreatedOnToolsVersion = 6.2;
						TestTargetID = 691FE9E91ABA2F1700120DEA;
					};
				};
			};
			buildConfigurationList = 691FE9E51ABA2F1700120DEA /* Build configuration list for PBXProject "Mutable" */;
			compatibilityVersion = "Xcode 3.2";
			developmentRegion = English;
			hasScannedForEncodings = 0;
			knownRegions = (
				en,
				Base,
			);
			mainGroup = 691FE9E11ABA2F1700120DEA;
			productRefGroup = 691FE9EB1ABA2F1700120DEA /* Products */;
			projectDirPath = "";
			projectRoot = "";
			targets = (
				691FE9E91ABA2F1700120DEA /* Mutable */,
				691FEA021ABA2F1800120DEA /* MutableTests */,
			);
		};
/* End PBXProject section */

/* Begin PBXResourcesBuildPhase section */
		691FE9E81ABA2F1700120DEA /* Resources */ = {
			isa = PBXResourcesBuildPhase;
			buildActionMask = 2147483647;
			files = (
				6900A0091B757DE800009C64 /* CircleShape.png in Resources */,
				699B56AA1B60414F00B735C7 /* newKamikaze.png in Resources */,
				699B56A61B5F296500B735C7 /* snakeLink.png in Resources */,
				6963B4691B2FC921006F8C15 /* buttonBackground.png in Resources */,
				6983BF3F1AC4F8DA0024585D /* HomePageView.png in Resources */,
				6975749D1B3F9126006C5344 /* Barrack.png in Resources */,
				691FE9F91ABA2F1700120DEA /* Main.storyboard in Resources */,
				6900A00C1B757DE800009C64 /* TriangleShape.png in Resources */,
				69854FAF1AD24FFD00F5327D /* base.png in Resources */,
				69D1DC8A1D5EEF0B00DF29B5 /* arrowCell.xib in Resources */,
				69B84D3C1AC88F5A002BFF16 /* mineImage.png in Resources */,
				6900A00A1B757DE800009C64 /* LineShape.png in Resources */,
				6977B2601AC6048200D005FE /* PointGem.png in Resources */,
				6942A8C31AC523E1004DD764 /* Ring.png in Resources */,
				6977B2691AC6116C00D005FE /* redBackgroundMenu.png in Resources */,
				6906465D1B811084004D6152 /* Snake.png in Resources */,
				699B56A21B5F27E000B735C7 /* base2.png in Resources */,
				69B84D3E1AC893BE002BFF16 /* kamikaze.png in Resources */,
				695B1D311B5DC99400BAA2C9 /* greyBackground.png in Resources */,
				697574981B3F606D006C5344 /* circleShapeButton.png in Resources */,
				6900A00B1B757DE800009C64 /* SquareShape.png in Resources */,
				69C2BABC1B7BEEF500190EE1 /* Small Logo.png in Resources */,
				69B1C32C1D6EB8F70061EEA6 /* DescriptionView.xib in Resources */,
				699B56A41B5F28DC00B735C7 /* arrow.png in Resources */,
				69854FAD1AD24B6000F5327D /* health.png in Resources */,
				691FE9FE1ABA2F1700120DEA /* LaunchScreen.xib in Resources */,
				69AE384F1D6FFC7C00A7C7E6 /* DescriptionTextView.xib in Resources */,
				69E5F6A71B4CBEAD00BE4B6F /* lifePowerUp.png in Resources */,
				697574961B3F0243006C5344 /* HeadLink.png in Resources */,
				699B56A81B5F2A6900B735C7 /* Laser.png in Resources */,
				6977B2671AC60F9E00D005FE /* GreenBackgroundMenu.png in Resources */,
				69A7B45D1B4E0EE000E62477 /* TurretGun.png in Resources */,
				691FEA2C1ABA547E00120DEA /* Point.png in Resources */,
				6942A8D11AC5289F004DD764 /* LoadingIcon.png in Resources */,
				69B1C3261D6EB6F30061EEA6 /* HeaderCell.xib in Resources */,
				691FE9FB1ABA2F1700120DEA /* Images.xcassets in Resources */,
				690646651B8121A1004D6152 /* MutableIcon 80.png in Resources */,
				690646641B8121A1004D6152 /* MutableIcon 58.png in Resources */,
				695B1D2F1B5DBDF900BAA2C9 /* redBackground.png in Resources */,
				696F6C9D1ABE3FE1007A7848 /* Enemy.png in Resources */,
				6983BF411AC4FA7A0024585D /* LevelsView.png in Resources */,
				698743D81AC3939800A360C3 /* menuBackground.png in Resources */,
				699B56A01B5F263E00B735C7 /* blockadeElement.png in Resources */,
				6942A8CF1AC527F5004DD764 /* MutableIcon.png in Resources */,
				6974E9541B686EA100CE51B9 /* wallLightning.png in Resources */,
				699B569E1B5F255D00B735C7 /* mineImage2.png in Resources */,
			);
			runOnlyForDeploymentPostprocessing = 0;
		};
		691FEA011ABA2F1800120DEA /* Resources */ = {
			isa = PBXResourcesBuildPhase;
			buildActionMask = 2147483647;
			files = (
			);
			runOnlyForDeploymentPostprocessing = 0;
		};
/* End PBXResourcesBuildPhase section */

/* Begin PBXSourcesBuildPhase section */
		691FE9E61ABA2F1700120DEA /* Sources */ = {
			isa = PBXSourcesBuildPhase;
			buildActionMask = 2147483647;
			files = (
				699B56AC1B6045B900B735C7 /* Squadron.m in Sources */,
				691FB30C1D6D7A8600EAD5EF /* SubSettingsViewController.m in Sources */,
				69196FC81B3A024000DAB092 /* HeadLink.m in Sources */,
				69A9FC6A1B388A4600767670 /* Shifting.m in Sources */,
				693A8C1C1C29F1D10084BD61 /* WallLink.m in Sources */,
				699B56B01B60655A00B735C7 /* BasicObject.m in Sources */,
				69B1C32E1D6EB9020061EEA6 /* DescriptionView.m in Sources */,
				69A9FC6E1B388A6D00767670 /* Drone.m in Sources */,
				69A9FC681B388A3900767670 /* BlockadeElement.m in Sources */,
				69DB88611B4825EA00D84112 /* AppUtilities.m in Sources */,
				69AE38541D70029700A7C7E6 /* EasterEggViewController.m in Sources */,
				69D1DC841D5EEDC100DF29B5 /* SettingsViewController.m in Sources */,
				697E12581ABB691C0037D307 /* MovingObject.m in Sources */,
				69B1C3281D6EB7180061EEA6 /* HeaderCell.m in Sources */,
				69A9FC641B388A2700767670 /* MineField.m in Sources */,
				6941A5561B3CA3DE0014B916 /* Mine.m in Sources */,
				69D743011B86E0AB00844502 /* Tracker.m in Sources */,
				6974E94F1B6842D500CE51B9 /* Arrow.m in Sources */,
				697E2DB91B39BADB00DD0696 /* Base.m in Sources */,
				693A8C171C271CC80084BD61 /* BlockadeBarricade.m in Sources */,
				692B65651B6981BD00878A0E /* Food.m in Sources */,
				691FE9F31ABA2F1700120DEA /* AppDelegate.m in Sources */,
				6928114F1AC0E46A00697D34 /* Bullet.m in Sources */,
				69A9FC621B3889F400767670 /* Snake.m in Sources */,
				69F647C51BA93B0800D8BD88 /* MasterViewController.m in Sources */,
				6974E9511B68545300CE51B9 /* Barracade.m in Sources */,
				69E955D51C2C64CF009F4C6D /* ViewPopulator.m in Sources */,
				69D1DC891D5EEF0B00DF29B5 /* arrowCell.m in Sources */,
				697E2DBB1B39BB8A00DD0696 /* Gem.m in Sources */,
				697E125A1ABB6B4E0037D307 /* LevelViewController.m in Sources */,
				693A8C191C29F10B0084BD61 /* MovingWall.m in Sources */,
				69DFF25B1AC0760B001D53CE /* HomeView.m in Sources */,
				69D1DC8C1D5EF40600DF29B5 /* HowToPlayViewController.m in Sources */,
				691FE9F01ABA2F1700120DEA /* main.m in Sources */,
				69AE38511D6FFCA500A7C7E6 /* DescriptionTextView.m in Sources */,
				69A7B4601B4E0F0200E62477 /* TurretGun.m in Sources */,
				6974E94A1B67187200CE51B9 /* DoubleBullet.m in Sources */,
				692B65681B69C70F00878A0E /* Projectile.m in Sources */,
			);
			runOnlyForDeploymentPostprocessing = 0;
		};
		691FE9FF1ABA2F1800120DEA /* Sources */ = {
			isa = PBXSourcesBuildPhase;
			buildActionMask = 2147483647;
			files = (
				691FEA0A1ABA2F1800120DEA /* MutableTests.m in Sources */,
			);
			runOnlyForDeploymentPostprocessing = 0;
		};
/* End PBXSourcesBuildPhase section */

/* Begin PBXTargetDependency section */
		691FEA051ABA2F1800120DEA /* PBXTargetDependency */ = {
			isa = PBXTargetDependency;
			target = 691FE9E91ABA2F1700120DEA /* Mutable */;
			targetProxy = 691FEA041ABA2F1800120DEA /* PBXContainerItemProxy */;
		};
/* End PBXTargetDependency section */

/* Begin PBXVariantGroup section */
		691FE9F71ABA2F1700120DEA /* Main.storyboard */ = {
			isa = PBXVariantGroup;
			children = (
				691FE9F81ABA2F1700120DEA /* Base */,
			);
			name = Main.storyboard;
			sourceTree = "<group>";
		};
		691FE9FC1ABA2F1700120DEA /* LaunchScreen.xib */ = {
			isa = PBXVariantGroup;
			children = (
				691FE9FD1ABA2F1700120DEA /* Base */,
			);
			name = LaunchScreen.xib;
			sourceTree = "<group>";
		};
/* End PBXVariantGroup section */

/* Begin XCBuildConfiguration section */
		691FEA0B1ABA2F1800120DEA /* Debug */ = {
			isa = XCBuildConfiguration;
			buildSettings = {
				ALWAYS_SEARCH_USER_PATHS = NO;
				CLANG_CXX_LANGUAGE_STANDARD = "gnu++0x";
				CLANG_CXX_LIBRARY = "libc++";
				CLANG_ENABLE_MODULES = YES;
				CLANG_ENABLE_OBJC_ARC = YES;
				CLANG_WARN_BOOL_CONVERSION = YES;
				CLANG_WARN_CONSTANT_CONVERSION = YES;
				CLANG_WARN_DIRECT_OBJC_ISA_USAGE = YES_ERROR;
				CLANG_WARN_EMPTY_BODY = YES;
				CLANG_WARN_ENUM_CONVERSION = YES;
				CLANG_WARN_INT_CONVERSION = YES;
				CLANG_WARN_OBJC_ROOT_CLASS = YES_ERROR;
				CLANG_WARN_UNREACHABLE_CODE = YES;
				CLANG_WARN__DUPLICATE_METHOD_MATCH = YES;
				"CODE_SIGN_IDENTITY[sdk=iphoneos*]" = "iPhone Developer";
				COPY_PHASE_STRIP = NO;
				ENABLE_STRICT_OBJC_MSGSEND = YES;
				GCC_C_LANGUAGE_STANDARD = gnu99;
				GCC_DYNAMIC_NO_PIC = NO;
				GCC_OPTIMIZATION_LEVEL = 0;
				GCC_PREPROCESSOR_DEFINITIONS = (
					"DEBUG=1",
					"$(inherited)",
				);
				GCC_SYMBOLS_PRIVATE_EXTERN = NO;
				GCC_WARN_64_TO_32_BIT_CONVERSION = YES;
				GCC_WARN_ABOUT_RETURN_TYPE = YES_ERROR;
				GCC_WARN_UNDECLARED_SELECTOR = YES;
				GCC_WARN_UNINITIALIZED_AUTOS = YES_AGGRESSIVE;
				GCC_WARN_UNUSED_FUNCTION = YES;
				GCC_WARN_UNUSED_VARIABLE = YES;
				IPHONEOS_DEPLOYMENT_TARGET = 8.2;
				MTL_ENABLE_DEBUG_INFO = YES;
				ONLY_ACTIVE_ARCH = YES;
				SDKROOT = iphoneos;
			};
			name = Debug;
		};
		691FEA0C1ABA2F1800120DEA /* Release */ = {
			isa = XCBuildConfiguration;
			buildSettings = {
				ALWAYS_SEARCH_USER_PATHS = NO;
				CLANG_CXX_LANGUAGE_STANDARD = "gnu++0x";
				CLANG_CXX_LIBRARY = "libc++";
				CLANG_ENABLE_MODULES = YES;
				CLANG_ENABLE_OBJC_ARC = YES;
				CLANG_WARN_BOOL_CONVERSION = YES;
				CLANG_WARN_CONSTANT_CONVERSION = YES;
				CLANG_WARN_DIRECT_OBJC_ISA_USAGE = YES_ERROR;
				CLANG_WARN_EMPTY_BODY = YES;
				CLANG_WARN_ENUM_CONVERSION = YES;
				CLANG_WARN_INT_CONVERSION = YES;
				CLANG_WARN_OBJC_ROOT_CLASS = YES_ERROR;
				CLANG_WARN_UNREACHABLE_CODE = YES;
				CLANG_WARN__DUPLICATE_METHOD_MATCH = YES;
				"CODE_SIGN_IDENTITY[sdk=iphoneos*]" = "iPhone Developer";
				COPY_PHASE_STRIP = NO;
				ENABLE_NS_ASSERTIONS = NO;
				ENABLE_STRICT_OBJC_MSGSEND = YES;
				GCC_C_LANGUAGE_STANDARD = gnu99;
				GCC_WARN_64_TO_32_BIT_CONVERSION = YES;
				GCC_WARN_ABOUT_RETURN_TYPE = YES_ERROR;
				GCC_WARN_UNDECLARED_SELECTOR = YES;
				GCC_WARN_UNINITIALIZED_AUTOS = YES_AGGRESSIVE;
				GCC_WARN_UNUSED_FUNCTION = YES;
				GCC_WARN_UNUSED_VARIABLE = YES;
				IPHONEOS_DEPLOYMENT_TARGET = 8.2;
				MTL_ENABLE_DEBUG_INFO = NO;
				SDKROOT = iphoneos;
				VALIDATE_PRODUCT = YES;
			};
			name = Release;
		};
		691FEA0E1ABA2F1800120DEA /* Debug */ = {
			isa = XCBuildConfiguration;
			buildSettings = {
				ASSETCATALOG_COMPILER_APPICON_NAME = AppIcon;
				CODE_SIGN_IDENTITY = "iPhone Developer";
				INFOPLIST_FILE = Mutable/Info.plist;
				LD_RUNPATH_SEARCH_PATHS = "$(inherited) @executable_path/Frameworks";
				PRODUCT_NAME = "$(TARGET_NAME)";
			};
			name = Debug;
		};
		691FEA0F1ABA2F1800120DEA /* Release */ = {
			isa = XCBuildConfiguration;
			buildSettings = {
				ASSETCATALOG_COMPILER_APPICON_NAME = AppIcon;
				CODE_SIGN_IDENTITY = "iPhone Developer";
				INFOPLIST_FILE = Mutable/Info.plist;
				LD_RUNPATH_SEARCH_PATHS = "$(inherited) @executable_path/Frameworks";
				PRODUCT_NAME = "$(TARGET_NAME)";
			};
			name = Release;
		};
		691FEA111ABA2F1800120DEA /* Debug */ = {
			isa = XCBuildConfiguration;
			buildSettings = {
				BUNDLE_LOADER = "$(TEST_HOST)";
				FRAMEWORK_SEARCH_PATHS = (
					"$(SDKROOT)/Developer/Library/Frameworks",
					"$(inherited)",
				);
				GCC_PREPROCESSOR_DEFINITIONS = (
					"DEBUG=1",
					"$(inherited)",
				);
				INFOPLIST_FILE = MutableTests/Info.plist;
				LD_RUNPATH_SEARCH_PATHS = "$(inherited) @executable_path/Frameworks @loader_path/Frameworks";
				PRODUCT_NAME = "$(TARGET_NAME)";
				TEST_HOST = "$(BUILT_PRODUCTS_DIR)/Mutable.app/Mutable";
			};
			name = Debug;
		};
		691FEA121ABA2F1800120DEA /* Release */ = {
			isa = XCBuildConfiguration;
			buildSettings = {
				BUNDLE_LOADER = "$(TEST_HOST)";
				FRAMEWORK_SEARCH_PATHS = (
					"$(SDKROOT)/Developer/Library/Frameworks",
					"$(inherited)",
				);
				INFOPLIST_FILE = MutableTests/Info.plist;
				LD_RUNPATH_SEARCH_PATHS = "$(inherited) @executable_path/Frameworks @loader_path/Frameworks";
				PRODUCT_NAME = "$(TARGET_NAME)";
				TEST_HOST = "$(BUILT_PRODUCTS_DIR)/Mutable.app/Mutable";
			};
			name = Release;
		};
/* End XCBuildConfiguration section */

/* Begin XCConfigurationList section */
		691FE9E51ABA2F1700120DEA /* Build configuration list for PBXProject "Mutable" */ = {
			isa = XCConfigurationList;
			buildConfigurations = (
				691FEA0B1ABA2F1800120DEA /* Debug */,
				691FEA0C1ABA2F1800120DEA /* Release */,
			);
			defaultConfigurationIsVisible = 0;
			defaultConfigurationName = Release;
		};
		691FEA0D1ABA2F1800120DEA /* Build configuration list for PBXNativeTarget "Mutable" */ = {
			isa = XCConfigurationList;
			buildConfigurations = (
				691FEA0E1ABA2F1800120DEA /* Debug */,
				691FEA0F1ABA2F1800120DEA /* Release */,
			);
			defaultConfigurationIsVisible = 0;
			defaultConfigurationName = Release;
		};
		691FEA101ABA2F1800120DEA /* Build configuration list for PBXNativeTarget "MutableTests" */ = {
			isa = XCConfigurationList;
			buildConfigurations = (
				691FEA111ABA2F1800120DEA /* Debug */,
				691FEA121ABA2F1800120DEA /* Release */,
			);
			defaultConfigurationIsVisible = 0;
			defaultConfigurationName = Release;
		};
/* End XCConfigurationList section */
	};
	rootObject = 691FE9E21ABA2F1700120DEA /* Project object */;
}
